
Microsoft Visual Studio Solution File, Format Version 12.00
# Visual Studio Version 17
VisualStudioVersion = 17.9.34616.47
MinimumVisualStudioVersion = 10.0.40219.1
Project("{9A19103F-16F7-4668-BE54-9A1E7A4F7556}") = "MetricWebApi_Agent", "MetricWebApi\MetricWebApi_Agent.csproj", "{EFC05BE1-452C-4612-87A8-663D5C0348C6}"
EndProject
Project("{FAE04EC0-301F-11D3-BF4B-00C04F79EFBC}") = "MetricWebApi_Manager", "MetricWebApi_Manager\MetricWebApi_Manager.csproj", "{ECA86FE8-8275-4911-B2DC-4F5B1209B297}"
EndProject
Global
	GlobalSection(SolutionConfigurationPlatforms) = preSolution
		Debug|Any CPU = Debug|Any CPU
		Release|Any CPU = Release|Any CPU
	EndGlobalSection
	GlobalSection(ProjectConfigurationPlatforms) = postSolution
		{EFC05BE1-452C-4612-87A8-663D5C0348C6}.Debug|Any CPU.ActiveCfg = Debug|Any CPU
		{EFC05BE1-452C-4612-87A8-663D5C0348C6}.Debug|Any CPU.Build.0 = Debug|Any CPU
		{EFC05BE1-452C-4612-87A8-663D5C0348C6}.Release|Any CPU.ActiveCfg = Release|Any CPU
		{EFC05BE1-452C-4612-87A8-663D5C0348C6}.Release|Any CPU.Build.0 = Release|Any CPU
		{ECA86FE8-8275-4911-B2DC-4F5B1209B297}.Debug|Any CPU.ActiveCfg = Debug|Any CPU
		{ECA86FE8-8275-4911-B2DC-4F5B1209B297}.Debug|Any CPU.Build.0 = Debug|Any CPU
		{ECA86FE8-8275-4911-B2DC-4F5B1209B297}.Release|Any CPU.ActiveCfg = Release|Any CPU
		{ECA86FE8-8275-4911-B2DC-4F5B1209B297}.Release|Any CPU.Build.0 = Release|Any CPU
	EndGlobalSection
	GlobalSection(SolutionProperties) = preSolution
		HideSolutionNode = FALSE
	EndGlobalSection
	GlobalSection(ExtensibilityGlobals) = postSolution
		SolutionGuid = {F7189CF7-CBB8-472E-87C6-8E102E366976}
	EndGlobalSection
EndGlobal
